
Microsoft Visual Studio Solution File, Format Version 12.00
# Visual Studio 2012
Project("{2150E333-8FDC-42A3-9474-1A3956D46DE8}") = "Source", "Source", "{B773EEB3-6A3E-4312-BF5B-EC8AE9EAD3A5}"
EndProject
Project("{2150E333-8FDC-42A3-9474-1A3956D46DE8}") = "Tests", "Tests", "{B7C31FCB-38CD-46CB-9CB6-E9708A5A0C45}"
EndProject
Project("{f2a71f9b-5d33-465a-a702-920d77279786}") = "DeepHeadz.Booking.Http.OwinHost", "Source\DeepHeadz.Booking.Http.OwinHost\DeepHeadz.Booking.Http.OwinHost.fsproj", "{C7CC4378-DD70-4A0A-8263-C51CF33C7688}"
EndProject
Project("{f2a71f9b-5d33-465a-a702-920d77279786}") = "DeepHeadz.Booking.Data", "Source\DeepHeadz.Booking.Data\DeepHeadz.Booking.Data.fsproj", "{E99CFE48-D786-45CC-8B42-C5590CC513D5}"
EndProject
Project("{f2a71f9b-5d33-465a-a702-920d77279786}") = "DeepHeadz.Booking.Core", "Source\DeepHeadz.Booking.Core\DeepHeadz.Booking.Core.fsproj", "{4150C761-ACFE-437E-BD5B-82230138EF85}"
EndProject
Project("{f2a71f9b-5d33-465a-a702-920d77279786}") = "DeepHeadz.Booking.Data.UnitTests", "Tests\DeepHeadz.Booking.Data.UnitTests\DeepHeadz.Booking.Data.UnitTests.fsproj", "{B318F72D-4535-45E7-9023-B324FB72E7A3}"
EndProject
Project("{f2a71f9b-5d33-465a-a702-920d77279786}") = "DeepHeadz.Booking.TestConsole", "Tests\DeepHeadz.Booking.TestConsole\DeepHeadz.Booking.TestConsole.fsproj", "{438C4B9D-517F-4029-ACFD-D3A47EAEE2D8}"
EndProject
Project("{f2a71f9b-5d33-465a-a702-920d77279786}") = "DeepHeadz.Booking.Roomorama.Daemon", "Source\DeepHeadz.Booking.Roomorama.Daemon\DeepHeadz.Booking.Roomorama.Daemon.fsproj", "{F59775B9-E9B6-449E-A540-9A881F669238}"
EndProject
Project("{f2a71f9b-5d33-465a-a702-920d77279786}") = "DeepHeadz.Booking.Http", "Source\DeepHeadz.Booking.Http\DeepHeadz.Booking.Http.fsproj", "{CACD8FFE-0FE3-4EA1-B8CB-4A2528F10B1D}"
EndProject
Project("{2150E333-8FDC-42A3-9474-1A3956D46DE8}") = "DeepHeadz.Booking.Web.UI", "DeepHeadz.Booking.Web.UI", "{13EE894F-18EB-4C37-A659-D0E47D21779C}"
	ProjectSection(SolutionItems) = preProject
		Source\DeepHeadz.Booking.Web.UI\index.html = Source\DeepHeadz.Booking.Web.UI\index.html
	EndProjectSection
EndProject
Project("{2150E333-8FDC-42A3-9474-1A3956D46DE8}") = "css", "css", "{ACB3488E-7D33-4AED-85E5-FD88ADA3B2CD}"
	ProjectSection(SolutionItems) = preProject
		Source\DeepHeadz.Booking.Web.UI\css\styles.css = Source\DeepHeadz.Booking.Web.UI\css\styles.css
	EndProjectSection
EndProject
Project("{2150E333-8FDC-42A3-9474-1A3956D46DE8}") = "js", "js", "{2EEF0E29-959E-4BBF-9810-972540B3B04C}"
	ProjectSection(SolutionItems) = preProject
		Source\DeepHeadz.Booking.Web.UI\js\app.js = Source\DeepHeadz.Booking.Web.UI\js\app.js
	EndProjectSection
EndProject
Project("{2150E333-8FDC-42A3-9474-1A3956D46DE8}") = "html", "html", "{D5EB5754-A480-4A05-AB37-2B3F433122CC}"
	ProjectSection(SolutionItems) = preProject
		Source\DeepHeadz.Booking.Web.UI\html\rooms.html = Source\DeepHeadz.Booking.Web.UI\html\rooms.html
		Source\DeepHeadz.Booking.Web.UI\html\locations.html = Source\DeepHeadz.Booking.Web.UI\html\locations.html
	EndProjectSection
EndProject
Global
	GlobalSection(SolutionConfigurationPlatforms) = preSolution
		Debug|Any CPU = Debug|Any CPU
		Release|Any CPU = Release|Any CPU
	EndGlobalSection
	GlobalSection(ProjectConfigurationPlatforms) = postSolution
		{C7CC4378-DD70-4A0A-8263-C51CF33C7688}.Debug|Any CPU.ActiveCfg = Debug|Any CPU
		{C7CC4378-DD70-4A0A-8263-C51CF33C7688}.Debug|Any CPU.Build.0 = Debug|Any CPU
		{C7CC4378-DD70-4A0A-8263-C51CF33C7688}.Release|Any CPU.ActiveCfg = Release|Any CPU
		{C7CC4378-DD70-4A0A-8263-C51CF33C7688}.Release|Any CPU.Build.0 = Release|Any CPU
		{E99CFE48-D786-45CC-8B42-C5590CC513D5}.Debug|Any CPU.ActiveCfg = Debug|Any CPU
		{E99CFE48-D786-45CC-8B42-C5590CC513D5}.Debug|Any CPU.Build.0 = Debug|Any CPU
		{E99CFE48-D786-45CC-8B42-C5590CC513D5}.Release|Any CPU.ActiveCfg = Release|Any CPU
		{E99CFE48-D786-45CC-8B42-C5590CC513D5}.Release|Any CPU.Build.0 = Release|Any CPU
		{4150C761-ACFE-437E-BD5B-82230138EF85}.Debug|Any CPU.ActiveCfg = Debug|Any CPU
		{4150C761-ACFE-437E-BD5B-82230138EF85}.Debug|Any CPU.Build.0 = Debug|Any CPU
		{4150C761-ACFE-437E-BD5B-82230138EF85}.Release|Any CPU.ActiveCfg = Release|Any CPU
		{4150C761-ACFE-437E-BD5B-82230138EF85}.Release|Any CPU.Build.0 = Release|Any CPU
		{B318F72D-4535-45E7-9023-B324FB72E7A3}.Debug|Any CPU.ActiveCfg = Debug|Any CPU
		{B318F72D-4535-45E7-9023-B324FB72E7A3}.Debug|Any CPU.Build.0 = Debug|Any CPU
		{B318F72D-4535-45E7-9023-B324FB72E7A3}.Release|Any CPU.ActiveCfg = Release|Any CPU
		{B318F72D-4535-45E7-9023-B324FB72E7A3}.Release|Any CPU.Build.0 = Release|Any CPU
		{438C4B9D-517F-4029-ACFD-D3A47EAEE2D8}.Debug|Any CPU.ActiveCfg = Debug|Any CPU
		{438C4B9D-517F-4029-ACFD-D3A47EAEE2D8}.Debug|Any CPU.Build.0 = Debug|Any CPU
		{438C4B9D-517F-4029-ACFD-D3A47EAEE2D8}.Release|Any CPU.ActiveCfg = Release|Any CPU
		{438C4B9D-517F-4029-ACFD-D3A47EAEE2D8}.Release|Any CPU.Build.0 = Release|Any CPU
		{F59775B9-E9B6-449E-A540-9A881F669238}.Debug|Any CPU.ActiveCfg = Debug|Any CPU
		{F59775B9-E9B6-449E-A540-9A881F669238}.Debug|Any CPU.Build.0 = Debug|Any CPU
		{F59775B9-E9B6-449E-A540-9A881F669238}.Release|Any CPU.ActiveCfg = Release|Any CPU
		{F59775B9-E9B6-449E-A540-9A881F669238}.Release|Any CPU.Build.0 = Release|Any CPU
		{CACD8FFE-0FE3-4EA1-B8CB-4A2528F10B1D}.Debug|Any CPU.ActiveCfg = Debug|Any CPU
		{CACD8FFE-0FE3-4EA1-B8CB-4A2528F10B1D}.Debug|Any CPU.Build.0 = Debug|Any CPU
		{CACD8FFE-0FE3-4EA1-B8CB-4A2528F10B1D}.Release|Any CPU.ActiveCfg = Release|Any CPU
		{CACD8FFE-0FE3-4EA1-B8CB-4A2528F10B1D}.Release|Any CPU.Build.0 = Release|Any CPU
	EndGlobalSection
	GlobalSection(NestedProjects) = preSolution
		{C7CC4378-DD70-4A0A-8263-C51CF33C7688} = {B773EEB3-6A3E-4312-BF5B-EC8AE9EAD3A5}
		{E99CFE48-D786-45CC-8B42-C5590CC513D5} = {B773EEB3-6A3E-4312-BF5B-EC8AE9EAD3A5}
		{4150C761-ACFE-437E-BD5B-82230138EF85} = {B773EEB3-6A3E-4312-BF5B-EC8AE9EAD3A5}
		{B318F72D-4535-45E7-9023-B324FB72E7A3} = {B7C31FCB-38CD-46CB-9CB6-E9708A5A0C45}
		{438C4B9D-517F-4029-ACFD-D3A47EAEE2D8} = {B7C31FCB-38CD-46CB-9CB6-E9708A5A0C45}
		{F59775B9-E9B6-449E-A540-9A881F669238} = {B773EEB3-6A3E-4312-BF5B-EC8AE9EAD3A5}
		{CACD8FFE-0FE3-4EA1-B8CB-4A2528F10B1D} = {B773EEB3-6A3E-4312-BF5B-EC8AE9EAD3A5}
		{13EE894F-18EB-4C37-A659-D0E47D21779C} = {B773EEB3-6A3E-4312-BF5B-EC8AE9EAD3A5}
		{ACB3488E-7D33-4AED-85E5-FD88ADA3B2CD} = {13EE894F-18EB-4C37-A659-D0E47D21779C}
		{2EEF0E29-959E-4BBF-9810-972540B3B04C} = {13EE894F-18EB-4C37-A659-D0E47D21779C}
		{D5EB5754-A480-4A05-AB37-2B3F433122CC} = {13EE894F-18EB-4C37-A659-D0E47D21779C}
	EndGlobalSection
	GlobalSection(MonoDevelopProperties) = preSolution
		version = 
	EndGlobalSection
EndGlobal
